
Microsoft Visual Studio Solution File, Format Version 12.00
# Visual Studio Version 17
VisualStudioVersion = 17.0.31903.59
MinimumVisualStudioVersion = 10.0.40219.1
Project("{2150E333-8FDC-42A3-9474-1A3956D46DE8}") = "src", "src", "{827E0CD3-B72D-47B6-A68D-7590B98EB39B}"
EndProject
Project("{FAE04EC0-301F-11D3-BF4B-00C04F79EFBC}") = "LowlandTech.Accounts.Abstractions", "src\LowlandTech.Accounts.Abstractions\LowlandTech.Accounts.Abstractions.csproj", "{F6544FDB-B20C-43B0-BA5D-36797B82311E}"
EndProject
Project("{FAE04EC0-301F-11D3-BF4B-00C04F79EFBC}") = "LowlandTech.Accounts.Domain", "src\LowlandTech.Accounts.Domain\LowlandTech.Accounts.Domain.csproj", "{45138ADB-E361-4792-9B85-6500086E1A19}"
EndProject
Project("{FAE04EC0-301F-11D3-BF4B-00C04F79EFBC}") = "LowlandTech.Accounts.Backend", "src\LowlandTech.Accounts.Backend\LowlandTech.Accounts.Backend.csproj", "{2E551EC0-9AE7-4356-A4E3-928BFD7B6C58}"
EndProject
Project("{FAE04EC0-301F-11D3-BF4B-00C04F79EFBC}") = "LowlandTech.Accounts.Frontend", "src\LowlandTech.Accounts.Frontend\LowlandTech.Accounts.Frontend.csproj", "{4EAA12E7-74A6-4FAD-85BC-B1CE35CFF931}"
EndProject
Project("{2150E333-8FDC-42A3-9474-1A3956D46DE8}") = "tests", "tests", "{0AB3BF05-4346-4AA6-1389-037BE0695223}"
EndProject
Project("{FAE04EC0-301F-11D3-BF4B-00C04F79EFBC}") = "LowlandTech.Accounts.Tests", "tests\LowlandTech.Accounts.Tests\LowlandTech.Accounts.Tests.csproj", "{A5CC4D09-77DF-46C7-9BC0-5459F6318E01}"
EndProject
Project("{2150E333-8FDC-42A3-9474-1A3956D46DE8}") = "samples", "samples", "{5D20AA90-6969-D8BD-9DCD-8634F4692FDA}"
EndProject
Project("{FAE04EC0-301F-11D3-BF4B-00C04F79EFBC}") = "LowlandTech.Accounts.SampleApi", "samples\LowlandTech.Accounts.SampleApi\LowlandTech.Accounts.SampleApi.csproj", "{0C4E2CEB-2877-405A-9C35-496F434AFC2A}"
EndProject
Global
	GlobalSection(SolutionConfigurationPlatforms) = preSolution
		Debug|Any CPU = Debug|Any CPU
		Debug|x64 = Debug|x64
		Debug|x86 = Debug|x86
		Release|Any CPU = Release|Any CPU
		Release|x64 = Release|x64
		Release|x86 = Release|x86
	EndGlobalSection
	GlobalSection(ProjectConfigurationPlatforms) = postSolution
		{F6544FDB-B20C-43B0-BA5D-36797B82311E}.Debug|Any CPU.ActiveCfg = Debug|Any CPU
		{F6544FDB-B20C-43B0-BA5D-36797B82311E}.Debug|Any CPU.Build.0 = Debug|Any CPU
		{F6544FDB-B20C-43B0-BA5D-36797B82311E}.Debug|x64.ActiveCfg = Debug|Any CPU
		{F6544FDB-B20C-43B0-BA5D-36797B82311E}.Debug|x64.Build.0 = Debug|Any CPU
		{F6544FDB-B20C-43B0-BA5D-36797B82311E}.Debug|x86.ActiveCfg = Debug|Any CPU
		{F6544FDB-B20C-43B0-BA5D-36797B82311E}.Debug|x86.Build.0 = Debug|Any CPU
		{F6544FDB-B20C-43B0-BA5D-36797B82311E}.Release|Any CPU.ActiveCfg = Release|Any CPU
		{F6544FDB-B20C-43B0-BA5D-36797B82311E}.Release|Any CPU.Build.0 = Release|Any CPU
		{F6544FDB-B20C-43B0-BA5D-36797B82311E}.Release|x64.ActiveCfg = Release|Any CPU
		{F6544FDB-B20C-43B0-BA5D-36797B82311E}.Release|x64.Build.0 = Release|Any CPU
		{F6544FDB-B20C-43B0-BA5D-36797B82311E}.Release|x86.ActiveCfg = Release|Any CPU
		{F6544FDB-B20C-43B0-BA5D-36797B82311E}.Release|x86.Build.0 = Release|Any CPU
		{45138ADB-E361-4792-9B85-6500086E1A19}.Debug|Any CPU.ActiveCfg = Debug|Any CPU
		{45138ADB-E361-4792-9B85-6500086E1A19}.Debug|Any CPU.Build.0 = Debug|Any CPU
		{45138ADB-E361-4792-9B85-6500086E1A19}.Debug|x64.ActiveCfg = Debug|Any CPU
		{45138ADB-E361-4792-9B85-6500086E1A19}.Debug|x64.Build.0 = Debug|Any CPU
		{45138ADB-E361-4792-9B85-6500086E1A19}.Debug|x86.ActiveCfg = Debug|Any CPU
		{45138ADB-E361-4792-9B85-6500086E1A19}.Debug|x86.Build.0 = Debug|Any CPU
		{45138ADB-E361-4792-9B85-6500086E1A19}.Release|Any CPU.ActiveCfg = Release|Any CPU
		{45138ADB-E361-4792-9B85-6500086E1A19}.Release|Any CPU.Build.0 = Release|Any CPU
		{45138ADB-E361-4792-9B85-6500086E1A19}.Release|x64.ActiveCfg = Release|Any CPU
		{45138ADB-E361-4792-9B85-6500086E1A19}.Release|x64.Build.0 = Release|Any CPU
		{45138ADB-E361-4792-9B85-6500086E1A19}.Release|x86.ActiveCfg = Release|Any CPU
		{45138ADB-E361-4792-9B85-6500086E1A19}.Release|x86.Build.0 = Release|Any CPU
		{2E551EC0-9AE7-4356-A4E3-928BFD7B6C58}.Debug|Any CPU.ActiveCfg = Debug|Any CPU
		{2E551EC0-9AE7-4356-A4E3-928BFD7B6C58}.Debug|Any CPU.Build.0 = Debug|Any CPU
		{2E551EC0-9AE7-4356-A4E3-928BFD7B6C58}.Debug|x64.ActiveCfg = Debug|Any CPU
		{2E551EC0-9AE7-4356-A4E3-928BFD7B6C58}.Debug|x64.Build.0 = Debug|Any CPU
		{2E551EC0-9AE7-4356-A4E3-928BFD7B6C58}.Debug|x86.ActiveCfg = Debug|Any CPU
		{2E551EC0-9AE7-4356-A4E3-928BFD7B6C58}.Debug|x86.Build.0 = Debug|Any CPU
		{2E551EC0-9AE7-4356-A4E3-928BFD7B6C58}.Release|Any CPU.ActiveCfg = Release|Any CPU
		{2E551EC0-9AE7-4356-A4E3-928BFD7B6C58}.Release|Any CPU.Build.0 = Release|Any CPU
		{2E551EC0-9AE7-4356-A4E3-928BFD7B6C58}.Release|x64.ActiveCfg = Release|Any CPU
		{2E551EC0-9AE7-4356-A4E3-928BFD7B6C58}.Release|x64.Build.0 = Release|Any CPU
		{2E551EC0-9AE7-4356-A4E3-928BFD7B6C58}.Release|x86.ActiveCfg = Release|Any CPU
		{2E551EC0-9AE7-4356-A4E3-928BFD7B6C58}.Release|x86.Build.0 = Release|Any CPU
		{4EAA12E7-74A6-4FAD-85BC-B1CE35CFF931}.Debug|Any CPU.ActiveCfg = Debug|Any CPU
		{4EAA12E7-74A6-4FAD-85BC-B1CE35CFF931}.Debug|Any CPU.Build.0 = Debug|Any CPU
		{4EAA12E7-74A6-4FAD-85BC-B1CE35CFF931}.Debug|x64.ActiveCfg = Debug|Any CPU
		{4EAA12E7-74A6-4FAD-85BC-B1CE35CFF931}.Debug|x64.Build.0 = Debug|Any CPU
		{4EAA12E7-74A6-4FAD-85BC-B1CE35CFF931}.Debug|x86.ActiveCfg = Debug|Any CPU
		{4EAA12E7-74A6-4FAD-85BC-B1CE35CFF931}.Debug|x86.Build.0 = Debug|Any CPU
		{4EAA12E7-74A6-4FAD-85BC-B1CE35CFF931}.Release|Any CPU.ActiveCfg = Release|Any CPU
		{4EAA12E7-74A6-4FAD-85BC-B1CE35CFF931}.Release|Any CPU.Build.0 = Release|Any CPU
		{4EAA12E7-74A6-4FAD-85BC-B1CE35CFF931}.Release|x64.ActiveCfg = Release|Any CPU
		{4EAA12E7-74A6-4FAD-85BC-B1CE35CFF931}.Release|x64.Build.0 = Release|Any CPU
		{4EAA12E7-74A6-4FAD-85BC-B1CE35CFF931}.Release|x86.ActiveCfg = Release|Any CPU
		{4EAA12E7-74A6-4FAD-85BC-B1CE35CFF931}.Release|x86.Build.0 = Release|Any CPU
		{A5CC4D09-77DF-46C7-9BC0-5459F6318E01}.Debug|Any CPU.ActiveCfg = Debug|Any CPU
		{A5CC4D09-77DF-46C7-9BC0-5459F6318E01}.Debug|Any CPU.Build.0 = Debug|Any CPU
		{A5CC4D09-77DF-46C7-9BC0-5459F6318E01}.Debug|x64.ActiveCfg = Debug|Any CPU
		{A5CC4D09-77DF-46C7-9BC0-5459F6318E01}.Debug|x64.Build.0 = Debug|Any CPU
		{A5CC4D09-77DF-46C7-9BC0-5459F6318E01}.Debug|x86.ActiveCfg = Debug|Any CPU
		{A5CC4D09-77DF-46C7-9BC0-5459F6318E01}.Debug|x86.Build.0 = Debug|Any CPU
		{A5CC4D09-77DF-46C7-9BC0-5459F6318E01}.Release|Any CPU.ActiveCfg = Release|Any CPU
		{A5CC4D09-77DF-46C7-9BC0-5459F6318E01}.Release|Any CPU.Build.0 = Release|Any CPU
		{A5CC4D09-77DF-46C7-9BC0-5459F6318E01}.Release|x64.ActiveCfg = Release|Any CPU
		{A5CC4D09-77DF-46C7-9BC0-5459F6318E01}.Release|x64.Build.0 = Release|Any CPU
		{A5CC4D09-77DF-46C7-9BC0-5459F6318E01}.Release|x86.ActiveCfg = Release|Any CPU
		{A5CC4D09-77DF-46C7-9BC0-5459F6318E01}.Release|x86.Build.0 = Release|Any CPU
		{0C4E2CEB-2877-405A-9C35-496F434AFC2A}.Debug|Any CPU.ActiveCfg = Debug|Any CPU
		{0C4E2CEB-2877-405A-9C35-496F434AFC2A}.Debug|Any CPU.Build.0 = Debug|Any CPU
		{0C4E2CEB-2877-405A-9C35-496F434AFC2A}.Debug|x64.ActiveCfg = Debug|Any CPU
		{0C4E2CEB-2877-405A-9C35-496F434AFC2A}.Debug|x64.Build.0 = Debug|Any CPU
		{0C4E2CEB-2877-405A-9C35-496F434AFC2A}.Debug|x86.ActiveCfg = Debug|Any CPU
		{0C4E2CEB-2877-405A-9C35-496F434AFC2A}.Debug|x86.Build.0 = Debug|Any CPU
		{0C4E2CEB-2877-405A-9C35-496F434AFC2A}.Release|Any CPU.ActiveCfg = Release|Any CPU
		{0C4E2CEB-2877-405A-9C35-496F434AFC2A}.Release|Any CPU.Build.0 = Release|Any CPU
		{0C4E2CEB-2877-405A-9C35-496F434AFC2A}.Release|x64.ActiveCfg = Release|Any CPU
		{0C4E2CEB-2877-405A-9C35-496F434AFC2A}.Release|x64.Build.0 = Release|Any CPU
		{0C4E2CEB-2877-405A-9C35-496F434AFC2A}.Release|x86.ActiveCfg = Release|Any CPU
		{0C4E2CEB-2877-405A-9C35-496F434AFC2A}.Release|x86.Build.0 = Release|Any CPU
	EndGlobalSection
	GlobalSection(SolutionProperties) = preSolution
		HideSolutionNode = FALSE
	EndGlobalSection
	GlobalSection(NestedProjects) = preSolution
		{F6544FDB-B20C-43B0-BA5D-36797B82311E} = {827E0CD3-B72D-47B6-A68D-7590B98EB39B}
		{45138ADB-E361-4792-9B85-6500086E1A19} = {827E0CD3-B72D-47B6-A68D-7590B98EB39B}
		{2E551EC0-9AE7-4356-A4E3-928BFD7B6C58} = {827E0CD3-B72D-47B6-A68D-7590B98EB39B}
		{4EAA12E7-74A6-4FAD-85BC-B1CE35CFF931} = {827E0CD3-B72D-47B6-A68D-7590B98EB39B}
		{A5CC4D09-77DF-46C7-9BC0-5459F6318E01} = {0AB3BF05-4346-4AA6-1389-037BE0695223}
		{0C4E2CEB-2877-405A-9C35-496F434AFC2A} = {5D20AA90-6969-D8BD-9DCD-8634F4692FDA}
	EndGlobalSection
EndGlobal
