
Microsoft Visual Studio Solution File, Format Version 12.00
# Visual Studio Version 17
VisualStudioVersion = 17.0.31903.59
MinimumVisualStudioVersion = 10.0.40219.1
Project("{2150E333-8FDC-42A3-9474-1A3956D46DE8}") = "src", "src", "{827E0CD3-B72D-47B6-A68D-7590B98EB39B}"
EndProject
Project("{FAE04EC0-301F-11D3-BF4B-00C04F79EFBC}") = "LowlandTech.Accounts.Abstractions", "src\LowlandTech.Accounts.Abstractions\LowlandTech.Accounts.Abstractions.csproj", "{872160AC-C6CF-4403-A0A6-34816069A064}"
EndProject
Project("{FAE04EC0-301F-11D3-BF4B-00C04F79EFBC}") = "LowlandTech.Accounts.Domain", "src\LowlandTech.Accounts.Domain\LowlandTech.Accounts.Domain.csproj", "{ABEF1DE1-3247-4029-B83D-A03ADBD1969B}"
EndProject
Project("{FAE04EC0-301F-11D3-BF4B-00C04F79EFBC}") = "LowlandTech.Accounts.Backend", "src\LowlandTech.Accounts.Backend\LowlandTech.Accounts.Backend.csproj", "{EC608EE7-A9DF-413E-AAC4-2C5FC927CB9B}"
EndProject
Project("{FAE04EC0-301F-11D3-BF4B-00C04F79EFBC}") = "LowlandTech.Accounts.Frontend", "src\LowlandTech.Accounts.Frontend\LowlandTech.Accounts.Frontend.csproj", "{7F5F7D6F-977E-4CA6-B273-731A6CEA762B}"
EndProject
Project("{2150E333-8FDC-42A3-9474-1A3956D46DE8}") = "tests", "tests", "{0AB3BF05-4346-4AA6-1389-037BE0695223}"
EndProject
Project("{FAE04EC0-301F-11D3-BF4B-00C04F79EFBC}") = "LowlandTech.Accounts.Tests", "tests\LowlandTech.Accounts.Tests\LowlandTech.Accounts.Tests.csproj", "{2B22DFAA-5D2B-40AE-AE33-6D1587FE9B17}"
EndProject
Project("{2150E333-8FDC-42A3-9474-1A3956D46DE8}") = "samples", "samples", "{5D20AA90-6969-D8BD-9DCD-8634F4692FDA}"
EndProject
Project("{FAE04EC0-301F-11D3-BF4B-00C04F79EFBC}") = "LowlandTech.Accounts.SampleApi", "samples\LowlandTech.Accounts.SampleApi\LowlandTech.Accounts.SampleApi.csproj", "{D1BF4393-4523-4DCF-A682-59030891F01D}"
EndProject
Global
	GlobalSection(SolutionConfigurationPlatforms) = preSolution
		Debug|Any CPU = Debug|Any CPU
		Debug|x64 = Debug|x64
		Debug|x86 = Debug|x86
		Release|Any CPU = Release|Any CPU
		Release|x64 = Release|x64
		Release|x86 = Release|x86
	EndGlobalSection
	GlobalSection(ProjectConfigurationPlatforms) = postSolution
		{872160AC-C6CF-4403-A0A6-34816069A064}.Debug|Any CPU.ActiveCfg = Debug|Any CPU
		{872160AC-C6CF-4403-A0A6-34816069A064}.Debug|Any CPU.Build.0 = Debug|Any CPU
		{872160AC-C6CF-4403-A0A6-34816069A064}.Debug|x64.ActiveCfg = Debug|Any CPU
		{872160AC-C6CF-4403-A0A6-34816069A064}.Debug|x64.Build.0 = Debug|Any CPU
		{872160AC-C6CF-4403-A0A6-34816069A064}.Debug|x86.ActiveCfg = Debug|Any CPU
		{872160AC-C6CF-4403-A0A6-34816069A064}.Debug|x86.Build.0 = Debug|Any CPU
		{872160AC-C6CF-4403-A0A6-34816069A064}.Release|Any CPU.ActiveCfg = Release|Any CPU
		{872160AC-C6CF-4403-A0A6-34816069A064}.Release|Any CPU.Build.0 = Release|Any CPU
		{872160AC-C6CF-4403-A0A6-34816069A064}.Release|x64.ActiveCfg = Release|Any CPU
		{872160AC-C6CF-4403-A0A6-34816069A064}.Release|x64.Build.0 = Release|Any CPU
		{872160AC-C6CF-4403-A0A6-34816069A064}.Release|x86.ActiveCfg = Release|Any CPU
		{872160AC-C6CF-4403-A0A6-34816069A064}.Release|x86.Build.0 = Release|Any CPU
		{ABEF1DE1-3247-4029-B83D-A03ADBD1969B}.Debug|Any CPU.ActiveCfg = Debug|Any CPU
		{ABEF1DE1-3247-4029-B83D-A03ADBD1969B}.Debug|Any CPU.Build.0 = Debug|Any CPU
		{ABEF1DE1-3247-4029-B83D-A03ADBD1969B}.Debug|x64.ActiveCfg = Debug|Any CPU
		{ABEF1DE1-3247-4029-B83D-A03ADBD1969B}.Debug|x64.Build.0 = Debug|Any CPU
		{ABEF1DE1-3247-4029-B83D-A03ADBD1969B}.Debug|x86.ActiveCfg = Debug|Any CPU
		{ABEF1DE1-3247-4029-B83D-A03ADBD1969B}.Debug|x86.Build.0 = Debug|Any CPU
		{ABEF1DE1-3247-4029-B83D-A03ADBD1969B}.Release|Any CPU.ActiveCfg = Release|Any CPU
		{ABEF1DE1-3247-4029-B83D-A03ADBD1969B}.Release|Any CPU.Build.0 = Release|Any CPU
		{ABEF1DE1-3247-4029-B83D-A03ADBD1969B}.Release|x64.ActiveCfg = Release|Any CPU
		{ABEF1DE1-3247-4029-B83D-A03ADBD1969B}.Release|x64.Build.0 = Release|Any CPU
		{ABEF1DE1-3247-4029-B83D-A03ADBD1969B}.Release|x86.ActiveCfg = Release|Any CPU
		{ABEF1DE1-3247-4029-B83D-A03ADBD1969B}.Release|x86.Build.0 = Release|Any CPU
		{EC608EE7-A9DF-413E-AAC4-2C5FC927CB9B}.Debug|Any CPU.ActiveCfg = Debug|Any CPU
		{EC608EE7-A9DF-413E-AAC4-2C5FC927CB9B}.Debug|Any CPU.Build.0 = Debug|Any CPU
		{EC608EE7-A9DF-413E-AAC4-2C5FC927CB9B}.Debug|x64.ActiveCfg = Debug|Any CPU
		{EC608EE7-A9DF-413E-AAC4-2C5FC927CB9B}.Debug|x64.Build.0 = Debug|Any CPU
		{EC608EE7-A9DF-413E-AAC4-2C5FC927CB9B}.Debug|x86.ActiveCfg = Debug|Any CPU
		{EC608EE7-A9DF-413E-AAC4-2C5FC927CB9B}.Debug|x86.Build.0 = Debug|Any CPU
		{EC608EE7-A9DF-413E-AAC4-2C5FC927CB9B}.Release|Any CPU.ActiveCfg = Release|Any CPU
		{EC608EE7-A9DF-413E-AAC4-2C5FC927CB9B}.Release|Any CPU.Build.0 = Release|Any CPU
		{EC608EE7-A9DF-413E-AAC4-2C5FC927CB9B}.Release|x64.ActiveCfg = Release|Any CPU
		{EC608EE7-A9DF-413E-AAC4-2C5FC927CB9B}.Release|x64.Build.0 = Release|Any CPU
		{EC608EE7-A9DF-413E-AAC4-2C5FC927CB9B}.Release|x86.ActiveCfg = Release|Any CPU
		{EC608EE7-A9DF-413E-AAC4-2C5FC927CB9B}.Release|x86.Build.0 = Release|Any CPU
		{7F5F7D6F-977E-4CA6-B273-731A6CEA762B}.Debug|Any CPU.ActiveCfg = Debug|Any CPU
		{7F5F7D6F-977E-4CA6-B273-731A6CEA762B}.Debug|Any CPU.Build.0 = Debug|Any CPU
		{7F5F7D6F-977E-4CA6-B273-731A6CEA762B}.Debug|x64.ActiveCfg = Debug|Any CPU
		{7F5F7D6F-977E-4CA6-B273-731A6CEA762B}.Debug|x64.Build.0 = Debug|Any CPU
		{7F5F7D6F-977E-4CA6-B273-731A6CEA762B}.Debug|x86.ActiveCfg = Debug|Any CPU
		{7F5F7D6F-977E-4CA6-B273-731A6CEA762B}.Debug|x86.Build.0 = Debug|Any CPU
		{7F5F7D6F-977E-4CA6-B273-731A6CEA762B}.Release|Any CPU.ActiveCfg = Release|Any CPU
		{7F5F7D6F-977E-4CA6-B273-731A6CEA762B}.Release|Any CPU.Build.0 = Release|Any CPU
		{7F5F7D6F-977E-4CA6-B273-731A6CEA762B}.Release|x64.ActiveCfg = Release|Any CPU
		{7F5F7D6F-977E-4CA6-B273-731A6CEA762B}.Release|x64.Build.0 = Release|Any CPU
		{7F5F7D6F-977E-4CA6-B273-731A6CEA762B}.Release|x86.ActiveCfg = Release|Any CPU
		{7F5F7D6F-977E-4CA6-B273-731A6CEA762B}.Release|x86.Build.0 = Release|Any CPU
		{2B22DFAA-5D2B-40AE-AE33-6D1587FE9B17}.Debug|Any CPU.ActiveCfg = Debug|Any CPU
		{2B22DFAA-5D2B-40AE-AE33-6D1587FE9B17}.Debug|Any CPU.Build.0 = Debug|Any CPU
		{2B22DFAA-5D2B-40AE-AE33-6D1587FE9B17}.Debug|x64.ActiveCfg = Debug|Any CPU
		{2B22DFAA-5D2B-40AE-AE33-6D1587FE9B17}.Debug|x64.Build.0 = Debug|Any CPU
		{2B22DFAA-5D2B-40AE-AE33-6D1587FE9B17}.Debug|x86.ActiveCfg = Debug|Any CPU
		{2B22DFAA-5D2B-40AE-AE33-6D1587FE9B17}.Debug|x86.Build.0 = Debug|Any CPU
		{2B22DFAA-5D2B-40AE-AE33-6D1587FE9B17}.Release|Any CPU.ActiveCfg = Release|Any CPU
		{2B22DFAA-5D2B-40AE-AE33-6D1587FE9B17}.Release|Any CPU.Build.0 = Release|Any CPU
		{2B22DFAA-5D2B-40AE-AE33-6D1587FE9B17}.Release|x64.ActiveCfg = Release|Any CPU
		{2B22DFAA-5D2B-40AE-AE33-6D1587FE9B17}.Release|x64.Build.0 = Release|Any CPU
		{2B22DFAA-5D2B-40AE-AE33-6D1587FE9B17}.Release|x86.ActiveCfg = Release|Any CPU
		{2B22DFAA-5D2B-40AE-AE33-6D1587FE9B17}.Release|x86.Build.0 = Release|Any CPU
		{D1BF4393-4523-4DCF-A682-59030891F01D}.Debug|Any CPU.ActiveCfg = Debug|Any CPU
		{D1BF4393-4523-4DCF-A682-59030891F01D}.Debug|Any CPU.Build.0 = Debug|Any CPU
		{D1BF4393-4523-4DCF-A682-59030891F01D}.Debug|x64.ActiveCfg = Debug|Any CPU
		{D1BF4393-4523-4DCF-A682-59030891F01D}.Debug|x64.Build.0 = Debug|Any CPU
		{D1BF4393-4523-4DCF-A682-59030891F01D}.Debug|x86.ActiveCfg = Debug|Any CPU
		{D1BF4393-4523-4DCF-A682-59030891F01D}.Debug|x86.Build.0 = Debug|Any CPU
		{D1BF4393-4523-4DCF-A682-59030891F01D}.Release|Any CPU.ActiveCfg = Release|Any CPU
		{D1BF4393-4523-4DCF-A682-59030891F01D}.Release|Any CPU.Build.0 = Release|Any CPU
		{D1BF4393-4523-4DCF-A682-59030891F01D}.Release|x64.ActiveCfg = Release|Any CPU
		{D1BF4393-4523-4DCF-A682-59030891F01D}.Release|x64.Build.0 = Release|Any CPU
		{D1BF4393-4523-4DCF-A682-59030891F01D}.Release|x86.ActiveCfg = Release|Any CPU
		{D1BF4393-4523-4DCF-A682-59030891F01D}.Release|x86.Build.0 = Release|Any CPU
	EndGlobalSection
	GlobalSection(SolutionProperties) = preSolution
		HideSolutionNode = FALSE
	EndGlobalSection
	GlobalSection(NestedProjects) = preSolution
		{872160AC-C6CF-4403-A0A6-34816069A064} = {827E0CD3-B72D-47B6-A68D-7590B98EB39B}
		{ABEF1DE1-3247-4029-B83D-A03ADBD1969B} = {827E0CD3-B72D-47B6-A68D-7590B98EB39B}
		{EC608EE7-A9DF-413E-AAC4-2C5FC927CB9B} = {827E0CD3-B72D-47B6-A68D-7590B98EB39B}
		{7F5F7D6F-977E-4CA6-B273-731A6CEA762B} = {827E0CD3-B72D-47B6-A68D-7590B98EB39B}
		{2B22DFAA-5D2B-40AE-AE33-6D1587FE9B17} = {0AB3BF05-4346-4AA6-1389-037BE0695223}
		{D1BF4393-4523-4DCF-A682-59030891F01D} = {5D20AA90-6969-D8BD-9DCD-8634F4692FDA}
	EndGlobalSection
EndGlobal
